
Microsoft Visual Studio Solution File, Format Version 12.00
# Visual Studio Version 17
VisualStudioVersion = 17.11.35208.52
MinimumVisualStudioVersion = 10.0.40219.1
Project("{FAE04EC0-301F-11D3-BF4B-00C04F79EFBC}") = "BaiTapKiemTra01", "BaiTapKiemTra01\BaiTapKiemTra01.csproj", "{0E3D0C54-833A-4010-B7EC-09FEACE5F1A3}"
EndProject
Global
	GlobalSection(SolutionConfigurationPlatforms) = preSolution
		Debug|Any CPU = Debug|Any CPU
		Release|Any CPU = Release|Any CPU
	EndGlobalSection
	GlobalSection(ProjectConfigurationPlatforms) = postSolution
		{0E3D0C54-833A-4010-B7EC-09FEACE5F1A3}.Debug|Any CPU.ActiveCfg = Debug|Any CPU
		{0E3D0C54-833A-4010-B7EC-09FEACE5F1A3}.Debug|Any CPU.Build.0 = Debug|Any CPU
		{0E3D0C54-833A-4010-B7EC-09FEACE5F1A3}.Release|Any CPU.ActiveCfg = Release|Any CPU
		{0E3D0C54-833A-4010-B7EC-09FEACE5F1A3}.Release|Any CPU.Build.0 = Release|Any CPU
	EndGlobalSection
	GlobalSection(SolutionProperties) = preSolution
		HideSolutionNode = FALSE
	EndGlobalSection
	GlobalSection(ExtensibilityGlobals) = postSolution
		SolutionGuid = {74B29C9F-E7E1-45EB-B36A-C68C13FA006F}
	EndGlobalSection
EndGlobal
